dependencies:
  espressif/esp_websocket_client:
    component_hash: ac62982fcf9b266409c2299d2b6b1844122105b35163a3b7f8d0adaa9f7eb989
    dependencies:
    - name: idf
      require: private
      version: '>=5.0'
    source:
      registry_url: https://components.espressif.com/
      type: service
    version: 1.5.0
  idf:
    source:
      type: idf
    version: 5.5.0
direct_dependencies:
- espressif/esp_websocket_client
- idf
manifest_hash: e77d5e65ae45b859ce607fca011d41d371fcfb6f71de2991318edf96c2ccf608
target: esp32
version: 2.0.0
